
Microsoft Visual Studio Solution File, Format Version 12.00
# Visual Studio Version 17
VisualStudioVersion = 17.8.34511.84
MinimumVisualStudioVersion = 10.0.40219.1
Project("{FAE04EC0-301F-11D3-BF4B-00C04F79EFBC}") = "cafe", "cafe\cafe.csproj", "{57472B55-3E46-4164-8641-160C688FEA78}"
EndProject
Global
	GlobalSection(SolutionConfigurationPlatforms) = preSolution
		Debug|Any CPU = Debug|Any CPU
		Release|Any CPU = Release|Any CPU
	EndGlobalSection
	GlobalSection(ProjectConfigurationPlatforms) = postSolution
		{57472B55-3E46-4164-8641-160C688FEA78}.Debug|Any CPU.ActiveCfg = Debug|Any CPU
		{57472B55-3E46-4164-8641-160C688FEA78}.Debug|Any CPU.Build.0 = Debug|Any CPU
		{57472B55-3E46-4164-8641-160C688FEA78}.Release|Any CPU.ActiveCfg = Release|Any CPU
		{57472B55-3E46-4164-8641-160C688FEA78}.Release|Any CPU.Build.0 = Release|Any CPU
	EndGlobalSection
	GlobalSection(SolutionProperties) = preSolution
		HideSolutionNode = FALSE
	EndGlobalSection
	GlobalSection(ExtensibilityGlobals) = postSolution
		SolutionGuid = {FCB78B63-1972-421F-8C28-AA6BFD0CCA9E}
	EndGlobalSection
EndGlobal
